// !$*UTF8*$!
{
	archiveVersion = 1;
	classes = {
	};
	objectVersion = 48;
	objects = {

/* Begin PBXBuildFile section */
		AD7CFA8A1FDE662D005A7917 /* AppDelegate.swift in Sources */ = {isa = PBXBuildFile; fileRef = AD7CFA891FDE662D005A7917 /* AppDelegate.swift */; };
		AD7CFA8C1FDE662D005A7917 /* ViewController.swift in Sources */ = {isa = PBXBuildFile; fileRef = AD7CFA8B1FDE662D005A7917 /* ViewController.swift */; };
		AD7CFA8F1FDE662D005A7917 /* Main.storyboard in Resources */ = {isa = PBXBuildFile; fileRef = AD7CFA8D1FDE662D005A7917 /* Main.storyboard */; };
		AD7CFA911FDE662D005A7917 /* Assets.xcassets in Resources */ = {isa = PBXBuildFile; fileRef = AD7CFA901FDE662D005A7917 /* Assets.xcassets */; };
		AD7CFA941FDE662D005A7917 /* LaunchScreen.storyboard in Resources */ = {isa = PBXBuildFile; fileRef = AD7CFA921FDE662D005A7917 /* LaunchScreen.storyboard */; };
/* End PBXBuildFile section */

/* Begin PBXFileReference section */
		AD7CFA861FDE662D005A7917 /* MSTImagePickerController_Swift.app */ = {isa = PBXFileReference; explicitFileType = wrapper.application; includeInIndex = 0; path = MSTImagePickerController_Swift.app; sourceTree = BUILT_PRODUCTS_DIR; };
		AD7CFA891FDE662D005A7917 /* AppDelegate.swift */ = {isa = PBXFileReference; lastKnownFileType = sourcecode.swift; path = AppDelegate.swift; sourceTree = "<group>"; };
		AD7CFA8B1FDE662D005A7917 /* ViewController.swift */ = {isa = PBXFileReference; lastKnownFileType = sourcecode.swift; path = ViewController.swift; sourceTree = "<group>"; };
		AD7CFA8E1FDE662D005A7917 /* Base */ = {isa = PBXFileReference; lastKnownFileType = file.storyboard; name = Base; path = Base.lproj/Main.storyboard; sourceTree = "<group>"; };
		AD7CFA901FDE662D005A7917 /* Assets.xcassets */ = {isa = PBXFileReference; lastKnownFileType = folder.assetcatalog; path = Assets.xcassets; sourceTree = "<group>"; };
		AD7CFA931FDE662D005A7917 /* Base */ = {isa = PBXFileReference; lastKnownFileType = file.storyboard; name = Base; path = Base.lproj/LaunchScreen.storyboard; sourceTree = "<group>"; };
		AD7CFA951FDE662D005A7917 /* Info.plist */ = {isa = PBXFileReference; lastKnownFileType = text.plist.xml; path = Info.plist; sourceTree = "<group>"; };
/* End PBXFileReference section */

/* Begin PBXFrameworksBuildPhase section */
		AD7CFA831FDE662D005A7917 /* Frameworks */ = {
			isa = PBXFrameworksBuildPhase;
			buildActionMask = 2147483647;
			files = (
			);
			runOnlyForDeploymentPostprocessing = 0;
		};
/* End PBXFrameworksBuildPhase section */

/* Begin PBXGroup section */
		AD7CFA7D1FDE662D005A7917 = {
			isa = PBXGroup;
			children = (
				AD7CFA881FDE662D005A7917 /* MSTImagePickerController_Swift */,
				AD7CFA871FDE662D005A7917 /* Products */,
			);
			sourceTree = "<group>";
		};
		AD7CFA871FDE662D005A7917 /* Products */ = {
			isa = PBXGroup;
			children = (
				AD7CFA861FDE662D005A7917 /* MSTImagePickerController_Swift.app */,
			);
			name = Products;
			sourceTree = "<group>";
		};
		AD7CFA881FDE662D005A7917 /* MSTImagePickerController_Swift */ = {
			isa = PBXGroup;
			children = (
				AD7CFA891FDE662D005A7917 /* AppDelegate.swift */,
				AD7CFA8B1FDE662D005A7917 /* ViewController.swift */,
				AD7CFA8D1FDE662D005A7917 /* Main.storyboard */,
				AD7CFA901FDE662D005A7917 /* Assets.xcassets */,
				AD7CFA921FDE662D005A7917 /* LaunchScreen.storyboard */,
				AD7CFA951FDE662D005A7917 /* Info.plist */,
			);
			path = MSTImagePickerController_Swift;
			sourceTree = "<group>";
		};
/* End PBXGroup section */

/* Begin PBXNativeTarget section */
		AD7CFA851FDE662D005A7917 /* MSTImagePickerController_Swift */ = {
			isa = PBXNativeTarget;
			buildConfigurationList = AD7CFA981FDE662D005A7917 /* Build configuration list for PBXNativeTarget "MSTImagePickerController_Swift" */;
			buildPhases = (
				AD7CFA821FDE662D005A7917 /* Sources */,
				AD7CFA831FDE662D005A7917 /* Frameworks */,
				AD7CFA841FDE662D005A7917 /* Resources */,
			);
			buildRules = (
			);
			dependencies = (
			);
			name = MSTImagePickerController_Swift;
			productName = MSTImagePickerController_Swift;
			productReference = AD7CFA861FDE662D005A7917 /* MSTImagePickerController_Swift.app */;
			productType = "com.apple.product-type.application";
		};
/* End PBXNativeTarget section */

/* Begin PBXProject section */
		AD7CFA7E1FDE662D005A7917 /* Project object */ = {
			isa = PBXProject;
			attributes = {
				LastSwiftUpdateCheck = 0920;
				LastUpgradeCheck = 0920;
				ORGANIZATIONNAME = Mustard;
				TargetAttributes = {
					AD7CFA851FDE662D005A7917 = {
						CreatedOnToolsVersion = 9.2;
						ProvisioningStyle = Automatic;
					};
				};
			};
			buildConfigurationList = AD7CFA811FDE662D005A7917 /* Build configuration list for PBXProject "MSTImagePickerController_Swift" */;
			compatibilityVersion = "Xcode 8.0";
			developmentRegion = en;
			hasScannedForEncodings = 0;
			knownRegions = (
				en,
				Base,
			);
			mainGroup = AD7CFA7D1FDE662D005A7917;
			productRefGroup = AD7CFA871FDE662D005A7917 /* Products */;
			projectDirPath = "";
			projectRoot = "";
			targets = (
				AD7CFA851FDE662D005A7917 /* MSTImagePickerController_Swift */,
			);
		};
/* End PBXProject section */

/* Begin PBXResourcesBuildPhase section */
		AD7CFA841FDE662D005A7917 /* Resources */ = {
			isa = PBXResourcesBuildPhase;
			buildActionMask = 2147483647;
			files = (
				AD7CFA941FDE662D005A7917 /* LaunchScreen.storyboard in Resources */,
				AD7CFA911FDE662D005A7917 /* Assets.xcassets in Resources */,
				AD7CFA8F1FDE662D005A7917 /* Main.storyboard in Resources */,
			);
			runOnlyForDeploymentPostprocessing = 0;
		};
/* End PBXResourcesBuildPhase section */

/* Begin PBXSourcesBuildPhase section */
		AD7CFA821FDE662D005A7917 /* Sources */ = {
			isa = PBXSourcesBuildPhase;
			buildActionMask = 2147483647;
			files = (
				AD7CFA8C1FDE662D005A7917 /* ViewController.swift in Sources */,
				AD7CFA8A1FDE662D005A7917 /* AppDelegate.swift in Sources */,
			);
			runOnlyForDeploymentPostprocessing = 0;
		};
/* End PBXSourcesBuildPhase section */

/* Begin PBXVariantGroup section */
		AD7CFA8D1FDE662D005A7917 /* Main.storyboard */ = {
			isa = PBXVariantGroup;
			children = (
				AD7CFA8E1FDE662D005A7917 /* Base */,
			);
			name = Main.storyboard;
			sourceTree = "<group>";
		};
		AD7CFA921FDE662D005A7917 /* LaunchScreen.storyboard */ = {
			isa = PBXVariantGroup;
			children = (
				AD7CFA931FDE662D005A7917 /* Base */,
			);
			name = LaunchScreen.storyboard;
			sourceTree = "<group>";
		};
/* End PBXVariantGroup section */

/* Begin XCBuildConfiguration section */
		AD7CFA961FDE662D005A7917 /* Debug */ = {
			isa = XCBuildConfiguration;
			buildSettings = {
				ALWAYS_SEARCH_USER_PATHS = NO;
				CLANG_ANALYZER_NONNULL = YES;
				CLANG_ANALYZER_NUMBER_OBJECT_CONVERSION = YES_AGGRESSIVE;
				CLANG_CXX_LANGUAGE_STANDARD = "gnu++14";
				CLANG_CXX_LIBRARY = "libc++";
				CLANG_ENABLE_MODULES = YES;
				CLANG_ENABLE_OBJC_ARC = YES;
				CLANG_WARN_BLOCK_CAPTURE_AUTORELEASING = YES;
				CLANG_WARN_BOOL_CONVERSION = YES;
				CLANG_WARN_COMMA = YES;
				CLANG_WARN_CONSTANT_CONVERSION = YES;
				CLANG_WARN_DIRECT_OBJC_ISA_USAGE = YES_ERROR;
				CLANG_WARN_DOCUMENTATION_COMMENTS = YES;
				CLANG_WARN_EMPTY_BODY = YES;
				CLANG_WARN_ENUM_CONVERSION = YES;
				CLANG_WARN_INFINITE_RECURSION = YES;
				CLANG_WARN_INT_CONVERSION = YES;
				CLANG_WARN_NON_LITERAL_NULL_CONVERSION = YES;
				CLANG_WARN_OBJC_LITERAL_CONVERSION = YES;
				CLANG_WARN_OBJC_ROOT_CLASS = YES_ERROR;
				CLANG_WARN_RANGE_LOOP_ANALYSIS = YES;
				CLANG_WARN_STRICT_PROTOTYPES = YES;
				CLANG_WARN_SUSPICIOUS_MOVE = YES;
				CLANG_WARN_UNGUARDED_AVAILABILITY = YES_AGGRESSIVE;
				CLANG_WARN_UNREACHABLE_CODE = YES;
				CLANG_WARN__DUPLICATE_METHOD_MATCH = YES;
				CODE_SIGN_IDENTITY = "iPhone Developer";
				COPY_PHASE_STRIP = NO;
				DEBUG_INFORMATION_FORMAT = dwarf;
				ENABLE_STRICT_OBJC_MSGSEND = YES;
				ENABLE_TESTABILITY = YES;
				GCC_C_LANGUAGE_STANDARD = gnu11;
				GCC_DYNAMIC_NO_PIC = NO;
				GCC_NO_COMMON_BLOCKS = YES;
				GCC_OPTIMIZATION_LEVEL = 0;
				GCC_PREPROCESSOR_DEFINITIONS = (
					"DEBUG=1",
					"$(inherited)",
				);
				GCC_WARN_64_TO_32_BIT_CONVERSION = YES;
				GCC_WARN_ABOUT_RETURN_TYPE = YES_ERROR;
				GCC_WARN_UNDECLARED_SELECTOR = YES;
				GCC_WARN_UNINITIALIZED_AUTOS = YES_AGGRESSIVE;
				GCC_WARN_UNUSED_FUNCTION = YES;
				GCC_WARN_UNUSED_VARIABLE = YES;
				IPHONEOS_DEPLOYMENT_TARGET = 11.2;
				MTL_ENABLE_DEBUG_INFO = YES;
				ONLY_ACTIVE_ARCH = YES;
				SDKROOT = iphoneos;
				SWIFT_ACTIVE_COMPILATION_CONDITIONS = DEBUG;
				SWIFT_OPTIMIZATION_LEVEL = "-Onone";
			};
			name = Debug;
		};
		AD7CFA971FDE662D005A7917 /* Release */ = {
			isa = XCBuildConfiguration;
			buildSettings = {
				ALWAYS_SEARCH_USER_PATHS = NO;
				CLANG_ANALYZER_NONNULL = YES;
				CLANG_ANALYZER_NUMBER_OBJECT_CONVERSION = YES_AGGRESSIVE;
				CLANG_CXX_LANGUAGE_STANDARD = "gnu++14";
				CLANG_CXX_LIBRARY = "libc++";
				CLANG_ENABLE_MODULES = YES;
				CLANG_ENABLE_OBJC_ARC = YES;
				CLANG_WARN_BLOCK_CAPTURE_AUTORELEASING = YES;
				CLANG_WARN_BOOL_CONVERSION = YES;
				CLANG_WARN_COMMA = YES;
				CLANG_WARN_CONSTANT_CONVERSION = YES;
				CLANG_WARN_DIRECT_OBJC_ISA_USAGE = YES_ERROR;
				CLANG_WARN_DOCUMENTATION_COMMENTS = YES;
				CLANG_WARN_EMPTY_BODY = YES;
				CLANG_WARN_ENUM_CONVERSION = YES;
				CLANG_WARN_INFINITE_RECURSION = YES;
				CLANG_WARN_INT_CONVERSION = YES;
				CLANG_WARN_NON_LITERAL_NULL_CONVERSION = YES;
				CLANG_WARN_OBJC_LITERAL_CONVERSION = YES;
				CLANG_WARN_OBJC_ROOT_CLASS = YES_ERROR;
				CLANG_WARN_RANGE_LOOP_ANALYSIS = YES;
				CLANG_WARN_STRICT_PROTOTYPES = YES;
				CLANG_WARN_SUSPICIOUS_MOVE = YES;
				CLANG_WARN_UNGUARDED_AVAILABILITY = YES_AGGRESSIVE;
				CLANG_WARN_UNREACHABLE_CODE = YES;
				CLANG_WARN__DUPLICATE_METHOD_MATCH = YES;
				CODE_SIGN_IDENTITY = "iPhone Developer";
				COPY_PHASE_STRIP = NO;
				DEBUG_INFORMATION_FORMAT = "dwarf-with-dsym";
				ENABLE_NS_ASSERTIONS = NO;
				ENABLE_STRICT_OBJC_MSGSEND = YES;
				GCC_C_LANGUAGE_STANDARD = gnu11;
				GCC_NO_COMMON_BLOCKS = YES;
				GCC_WARN_64_TO_32_BIT_CONVERSION = YES;
				GCC_WARN_ABOUT_RETURN_TYPE = YES_ERROR;
				GCC_WARN_UNDECLARED_SELECTOR = YES;
				GCC_WARN_UNINITIALIZED_AUTOS = YES_AGGRESSIVE;
				GCC_WARN_UNUSED_FUNCTION = YES;
				GCC_WARN_UNUSED_VARIABLE = YES;
				IPHONEOS_DEPLOYMENT_TARGET = 11.2;
				MTL_ENABLE_DEBUG_INFO = NO;
				SDKROOT = iphoneos;
				SWIFT_OPTIMIZATION_LEVEL = "-Owholemodule";
				VALIDATE_PRODUCT = YES;
			};
			name = Release;
		};
		AD7CFA991FDE662D005A7917 /* Debug */ = {
			isa = XCBuildConfiguration;
			buildSettings = {
				ASSETCATALOG_COMPILER_APPICON_NAME = AppIcon;
				CODE_SIGN_STYLE = Automatic;
				INFOPLIST_FILE = MSTImagePickerController_Swift/Info.plist;
				LD_RUNPATH_SEARCH_PATHS = "$(inherited) @executable_path/Frameworks";
				PRODUCT_BUNDLE_IDENTIFIER = "com.mustard.MSTImagePickerController-Swift";
				PRODUCT_NAME = "$(TARGET_NAME)";
				SWIFT_VERSION = 4.0;
				TARGETED_DEVICE_FAMILY = "1,2";
			};
			name = Debug;
		};
		AD7CFA9A1FDE662D005A7917 /* Release */ = {
			isa = XCBuildConfiguration;
			buildSettings = {
				ASSETCATALOG_COMPILER_APPICON_NAME = AppIcon;
				CODE_SIGN_STYLE = Automatic;
				INFOPLIST_FILE = MSTImagePickerController_Swift/Info.plist;
				LD_RUNPATH_SEARCH_PATHS = "$(inherited) @executable_path/Frameworks";
				PRODUCT_BUNDLE_IDENTIFIER = "com.mustard.MSTImagePickerController-Swift";
				PRODUCT_NAME = "$(TARGET_NAME)";
				SWIFT_VERSION = 4.0;
				TARGETED_DEVICE_FAMILY = "1,2";
			};
			name = Release;
		};
/* End XCBuildConfiguration section */

/* Begin XCConfigurationList section */
		AD7CFA811FDE662D005A7917 /* Build configuration list for PBXProject "MSTImagePickerController_Swift" */ = {
			isa = XCConfigurationList;
			buildConfigurations = (
				AD7CFA961FDE662D005A7917 /* Debug */,
				AD7CFA971FDE662D005A7917 /* Release */,
			);
			defaultConfigurationIsVisible = 0;
			defaultConfigurationName = Release;
		};
		AD7CFA981FDE662D005A7917 /* Build configuration list for PBXNativeTarget "MSTImagePickerController_Swift" */ = {
			isa = XCConfigurationList;
			buildConfigurations = (
				AD7CFA991FDE662D005A7917 /* Debug */,
				AD7CFA9A1FDE662D005A7917 /* Release */,
			);
			defaultConfigurationIsVisible = 0;
			defaultConfigurationName = Release;
		};
/* End XCConfigurationList section */
	};
	rootObject = AD7CFA7E1FDE662D005A7917 /* Project object */;
}
